lockfileVersion: 5.4

specifiers:
  '@javelin/ecs': 1.0.0-alpha.13
  '@lastolivegames/becsy': 0.13.2
  '@types/node': ^16.11.38
  bitecs: 0.3.38
  ecsy: 0.4.2
  geotic: 4.3.2
  goodluck: 7.0.0
  harmony-ecs: 0.0.12
  miniplex: ^0.10.1
  perform-ecs: 0.7.8
  picoes: 1.1.0
  piecs: 0.4.0
  prettier: ^2.6.2
  tiny-ecs: 2.0.0
  uecs: 0.4.2
  wolf-ecs: 2.1.3

dependencies:
  '@javelin/ecs': 1.0.0-alpha.13
  '@lastolivegames/becsy': 0.13.2
  bitecs: 0.3.38
  ecsy: 0.4.2
  geotic: 4.3.2
  goodluck: 7.0.0
  harmony-ecs: 0.0.12
  miniplex: 0.10.1
  perform-ecs: 0.7.8
  picoes: 1.1.0
  piecs: 0.4.0
  tiny-ecs: 2.0.0
  uecs: 0.4.2
  wolf-ecs: 2.1.3

devDependencies:
  '@types/node': 16.11.38
  prettier: 2.6.2

packages:

  /@hmans/signal/0.2.2:
    resolution: {integrity: sha512-4KlR6FiqICOY9J8V483Atk7bfMqoGM/hdYd/6ab+HB+CJfiOBPzY6PtYz3O6bBsNkIZpimnTMSw2AqOz1WDlrA==}
    dev: false

  /@javelin/core/1.0.0-alpha.12:
    resolution: {integrity: sha512-U3KgZjpMNwO6SF1cVcn4XedpE+AE17aaoNr1S6W973qF7MBrfhRaeoEMjiPM5U2g9VxBJMr4rD9XzZRtyZPaYA==}
    dev: false

  /@javelin/ecs/1.0.0-alpha.13:
    resolution: {integrity: sha512-TzBOEtDtb8SEsH1Kpjp3fkmLN81/XTXm4N0S3eWBn05bPYCkqr9iHTREIZT2KPz4URaaMnIqzWSE+slXNegeZA==}
    dependencies:
      '@javelin/core': 1.0.0-alpha.12
      '@javelin/isomorphic-utils': 1.0.0-alpha.12
    dev: false

  /@javelin/isomorphic-utils/1.0.0-alpha.12:
    resolution: {integrity: sha512-TBz3kD75v3QOdibJWCShVjexhhor1e+p4lHprQM+wq27HneDKz1e1JjZd8dY4N916fwgCaMgV/p1FYTtfw+Tng==}
    dev: false

  /@lastolivegames/becsy/0.13.2:
    resolution: {integrity: sha512-JhSYd19gBFWA+PRW2gY4Yp1BjT0d06AKMtxUautKVnh/YhaqtDx3amVu3qUvmrCK+4LvSH53GhY+9iCESXpJCQ==}
    engines: {node: '>=12'}
    dev: false

  /@types/node/16.11.38:
    resolution: {integrity: sha512-hjO/0K140An3GWDw2HJfq7gko3wWeznbjXgg+rzPdVzhe198hp4x2i1dgveAOEiFKd8sOilAxzoSJiVv5P/CUg==}
    dev: true

  /bitecs/0.3.38:
    resolution: {integrity: sha512-vfz6wjPElg/0O7c06Ttb/BeWMInBspSuekRvNoLqPyEZV87tLWipxqpjtGPKZBhin8jv4OuQkrkZZfZpaqOndQ==}
    dev: false

  /camelcase/6.0.0:
    resolution: {integrity: sha512-8KMDF1Vz2gzOq54ONPJS65IvTUaB1cHJ2DMM7MbPmLZljDH1qpzzLsWdiN9pHh6qvkRVDTi/07+eNGch/oLU4w==}
    engines: {node: '>=10'}
    dev: false

  /ecsy/0.4.2:
    resolution: {integrity: sha512-dVKOkuz1IsRvS7GlHcWghUtMZzXr70h6b+SQEHlKy2RgsCRNDzdYr6a43Q6HafuquA/67YFZCQt8zqadq/jlLA==}
    dev: false

  /geotic/4.3.2:
    resolution: {integrity: sha512-kZrQXqY9ulqs15i/0qRbjJ/szPJEQ/AdNAdHqgMAKlxuEBG4FHpxTZW04BGNO9dfx0fry9YzTcdyJADHjhIKmA==}
    dependencies:
      camelcase: 6.0.0
    dev: false

  /goodluck/7.0.0:
    resolution: {integrity: sha512-ml0lMI5CGXkSHRg7Po3wpyNm0qMDshrquiXEVFdAYyehvh8qT5SsQuLvK+T6YjUMJE27d1EkqVhNBp1ufsZEZA==}
    engines: {node: '>=12.0.0'}
    dev: false

  /harmony-ecs/0.0.12:
    resolution: {integrity: sha512-he27c8UUVi3TeCGYxMMQ0q7L+Y5xWTiA7UZXvt2h/97pnRUle0aJtdToTKPKXmb3ulqfo8+otun+iqPxzH2CEg==}
    engines: {node: '>=14.18.1'}
    dev: false

  /miniplex/0.10.1:
    resolution: {integrity: sha512-3ahZ0/k7qJqI7NAYJnEqbbV/1haua1YLPdBtFxMDbSA0ZYXc6YyGuXP57u34dzm14+9IxXWDw1PliGQdZIZYoQ==}
    dependencies:
      '@hmans/signal': 0.2.2
    dev: false

  /perform-ecs/0.7.8:
    resolution: {integrity: sha512-+4WYfCW6/ZVYQDF+78RJc7oWmK2dqtfsdDRfB/kyiHfbQfRIWldJqn2hpQt0ByDWQgtFQrMGGpED1S9wQj3WOw==}
    dev: false

  /picoes/1.1.0:
    resolution: {integrity: sha512-KzwXZBOe6ep6vaIOaCdPegTF7R4zceKB7va2RScbOaV6kr+8qlWqlr7+q4GP3yoMwKF6YVMNKR378+e1QQbJhg==}
    dev: false

  /piecs/0.4.0:
    resolution: {integrity: sha512-NiGuWHykjFCahsYzn7U3+Q0nk9wUr0wITRioTVCZkK6nk8P4Px/arWYviezyMDT5OaqNmLg4eL00Udj4txlhrQ==}
    dev: false

  /prettier/2.6.2:
    resolution: {integrity: sha512-PkUpF+qoXTqhOeWL9fu7As8LXsIUZ1WYaJiY/a7McAQzxjk82OF0tibkFXVCDImZtWxbvojFjerkiLb0/q8mew==}
    engines: {node: '>=10.13.0'}
    hasBin: true
    dev: true

  /tiny-ecs/2.0.0:
    resolution: {integrity: sha1-lmuB+UqXXasI1GCmkdYl90wpVBw=}
    dependencies:
      typedef: 1.0.4
    dev: false

  /typedef/1.0.4:
    resolution: {integrity: sha1-+DOIgWkWBk2UYAjZrrKXyqq/ODs=}
    dev: false

  /uecs/0.4.2:
    resolution: {integrity: sha512-oPwSibOqllZeBu6U2v/wkqIq/XSiwaf0bff1aJhuPEBOqRWuo8iH/RP+bzPPUDdwQ6vRljIkksy0plmEIfbc3w==}
    dev: false

  /wolf-ecs/2.1.3:
    resolution: {integrity: sha512-zTmUsc85VrvFWi7BtZGgF2ZVtcohtMEeSC3fQrWVOENDJkXEm380EFsthr6tFWRJACFLWkw0zUCR6aBFuyTq+A==}
    dev: false
